
Microsoft Visual Studio Solution File, Format Version 12.00
# Visual Studio Version 17
VisualStudioVersion = 17.2.32630.192
MinimumVisualStudioVersion = 10.0.40219.1
Project("{FAE04EC0-301F-11D3-BF4B-00C04F79EFBC}") = "Prg23-1(array-sum of 5no)", "Prg23-1(array-sum of 5no)\Prg23-1(array-sum of 5no).csproj", "{ED189125-DA12-422E-AC1A-97C17BF3422C}"
EndProject
Global
	GlobalSection(SolutionConfigurationPlatforms) = preSolution
		Debug|Any CPU = Debug|Any CPU
		Release|Any CPU = Release|Any CPU
	EndGlobalSection
	GlobalSection(ProjectConfigurationPlatforms) = postSolution
		{ED189125-DA12-422E-AC1A-97C17BF3422C}.Debug|Any CPU.ActiveCfg = Debug|Any CPU
		{ED189125-DA12-422E-AC1A-97C17BF3422C}.Debug|Any CPU.Build.0 = Debug|Any CPU
		{ED189125-DA12-422E-AC1A-97C17BF3422C}.Release|Any CPU.ActiveCfg = Release|Any CPU
		{ED189125-DA12-422E-AC1A-97C17BF3422C}.Release|Any CPU.Build.0 = Release|Any CPU
	EndGlobalSection
	GlobalSection(SolutionProperties) = preSolution
		HideSolutionNode = FALSE
	EndGlobalSection
	GlobalSection(ExtensibilityGlobals) = postSolution
		SolutionGuid = {097B206A-2349-407B-A917-DA37815DA47F}
	EndGlobalSection
EndGlobal
