
Microsoft Visual Studio Solution File, Format Version 12.00
# Visual Studio Version 17
VisualStudioVersion = 17.2.32630.192
MinimumVisualStudioVersion = 10.0.40219.1
Project("{FAE04EC0-301F-11D3-BF4B-00C04F79EFBC}") = "Prg22-3(add,sum,multiplication)", "Prg22-3(add,sum,multiplication)\Prg22-3(add,sum,multiplication).csproj", "{A7AA0C6E-DE74-49DA-921D-F9FD4CCCAFFE}"
EndProject
Global
	GlobalSection(SolutionConfigurationPlatforms) = preSolution
		Debug|Any CPU = Debug|Any CPU
		Release|Any CPU = Release|Any CPU
	EndGlobalSection
	GlobalSection(ProjectConfigurationPlatforms) = postSolution
		{A7AA0C6E-DE74-49DA-921D-F9FD4CCCAFFE}.Debug|Any CPU.ActiveCfg = Debug|Any CPU
		{A7AA0C6E-DE74-49DA-921D-F9FD4CCCAFFE}.Debug|Any CPU.Build.0 = Debug|Any CPU
		{A7AA0C6E-DE74-49DA-921D-F9FD4CCCAFFE}.Release|Any CPU.ActiveCfg = Release|Any CPU
		{A7AA0C6E-DE74-49DA-921D-F9FD4CCCAFFE}.Release|Any CPU.Build.0 = Release|Any CPU
	EndGlobalSection
	GlobalSection(SolutionProperties) = preSolution
		HideSolutionNode = FALSE
	EndGlobalSection
	GlobalSection(ExtensibilityGlobals) = postSolution
		SolutionGuid = {FBF1A193-6DEC-4385-85C7-3FBAC4DC560D}
	EndGlobalSection
EndGlobal
