
Microsoft Visual Studio Solution File, Format Version 12.00
# Visual Studio Version 17
VisualStudioVersion = 17.2.32630.192
MinimumVisualStudioVersion = 10.0.40219.1
Project("{FAE04EC0-301F-11D3-BF4B-00C04F79EFBC}") = "Prg16-2", "Prg16-2\Prg16-2.csproj", "{FA4FEC00-472C-4DD0-9F85-048F88E9E3B1}"
EndProject
Global
	GlobalSection(SolutionConfigurationPlatforms) = preSolution
		Debug|Any CPU = Debug|Any CPU
		Release|Any CPU = Release|Any CPU
	EndGlobalSection
	GlobalSection(ProjectConfigurationPlatforms) = postSolution
		{FA4FEC00-472C-4DD0-9F85-048F88E9E3B1}.Debug|Any CPU.ActiveCfg = Debug|Any CPU
		{FA4FEC00-472C-4DD0-9F85-048F88E9E3B1}.Debug|Any CPU.Build.0 = Debug|Any CPU
		{FA4FEC00-472C-4DD0-9F85-048F88E9E3B1}.Release|Any CPU.ActiveCfg = Release|Any CPU
		{FA4FEC00-472C-4DD0-9F85-048F88E9E3B1}.Release|Any CPU.Build.0 = Release|Any CPU
	EndGlobalSection
	GlobalSection(SolutionProperties) = preSolution
		HideSolutionNode = FALSE
	EndGlobalSection
	GlobalSection(ExtensibilityGlobals) = postSolution
		SolutionGuid = {54FF668B-4F61-4C5B-AC83-4499D7D6ADDB}
	EndGlobalSection
EndGlobal
